
Microsoft Visual Studio Solution File, Format Version 12.00
# Visual Studio 15
Project("{FAE04EC0-301F-11D3-BF4B-00C04F79EFBC}") = "Assembly-CSharp", "Assembly-CSharp.csproj", "{83EB774B-73A5-D74B-DF9B-7A45CA26D643}"
EndProject
Project("{FAE04EC0-301F-11D3-BF4B-00C04F79EFBC}") = "Assembly-CSharp-Editor", "Assembly-CSharp-Editor.csproj", "{854D767E-08A6-D737-DDD5-4DC6DD258C2C}"
EndProject
Global
	GlobalSection(SolutionConfigurationPlatforms) = preSolution
		Debug|Any CPU = Debug|Any CPU
		Release|Any CPU = Release|Any CPU
	EndGlobalSection
	GlobalSection(ProjectConfigurationPlatforms) = postSolution
		{83EB774B-73A5-D74B-DF9B-7A45CA26D643}.Debug|Any CPU.ActiveCfg = Debug|Any CPU
		{83EB774B-73A5-D74B-DF9B-7A45CA26D643}.Debug|Any CPU.Build.0 = Debug|Any CPU
		{83EB774B-73A5-D74B-DF9B-7A45CA26D643}.Release|Any CPU.ActiveCfg = Release|Any CPU
		{83EB774B-73A5-D74B-DF9B-7A45CA26D643}.Release|Any CPU.Build.0 = Release|Any CPU
		{854D767E-08A6-D737-DDD5-4DC6DD258C2C}.Debug|Any CPU.ActiveCfg = Debug|Any CPU
		{854D767E-08A6-D737-DDD5-4DC6DD258C2C}.Debug|Any CPU.Build.0 = Debug|Any CPU
		{854D767E-08A6-D737-DDD5-4DC6DD258C2C}.Release|Any CPU.ActiveCfg = Release|Any CPU
		{854D767E-08A6-D737-DDD5-4DC6DD258C2C}.Release|Any CPU.Build.0 = Release|Any CPU
	EndGlobalSection
	GlobalSection(SolutionProperties) = preSolution
		HideSolutionNode = FALSE
	EndGlobalSection
EndGlobal
